
Microsoft Visual Studio Solution File, Format Version 12.00
# Visual Studio Version 17
VisualStudioVersion = 17.11.35219.272
MinimumVisualStudioVersion = 10.0.40219.1
Project("{FAE04EC0-301F-11D3-BF4B-00C04F79EFBC}") = "WebApi", "WebApi\WebApi.csproj", "{3912E65D-D492-4A83-9B95-444E1B68ABE4}"
EndProject
Project("{2150E333-8FDC-42A3-9474-1A3956D46DE8}") = "Solution Items", "Solution Items", "{79BB5193-0822-41DD-9360-F57F09577A18}"
	ProjectSection(SolutionItems) = preProject
		.gitignore = .gitignore
	EndProjectSection
EndProject
Global
	GlobalSection(SolutionConfigurationPlatforms) = preSolution
		Debug|Any CPU = Debug|Any CPU
		Release|Any CPU = Release|Any CPU
	EndGlobalSection
	GlobalSection(ProjectConfigurationPlatforms) = postSolution
		{3912E65D-D492-4A83-9B95-444E1B68ABE4}.Debug|Any CPU.ActiveCfg = Debug|Any CPU
		{3912E65D-D492-4A83-9B95-444E1B68ABE4}.Debug|Any CPU.Build.0 = Debug|Any CPU
		{3912E65D-D492-4A83-9B95-444E1B68ABE4}.Release|Any CPU.ActiveCfg = Release|Any CPU
		{3912E65D-D492-4A83-9B95-444E1B68ABE4}.Release|Any CPU.Build.0 = Release|Any CPU
	EndGlobalSection
	GlobalSection(SolutionProperties) = preSolution
		HideSolutionNode = FALSE
	EndGlobalSection
	GlobalSection(ExtensibilityGlobals) = postSolution
		SolutionGuid = {78DFE707-B467-4268-810D-A58E48ABC844}
	EndGlobalSection
EndGlobal
